
Microsoft Visual Studio Solution File, Format Version 12.00
# Visual Studio Version 16
VisualStudioVersion = 16.0.34407.143
MinimumVisualStudioVersion = 10.0.40219.1
Project("{8BC9CEB8-8B4A-11D0-8D11-00A0C91BC942}") = "chapter-30", "chapter-30\chapter-30.vcxproj", "{0DEA65A9-58EB-43F7-BF01-EE720305AFE8}"
EndProject
Global
	GlobalSection(SolutionConfigurationPlatforms) = preSolution
		Debug|x64 = Debug|x64
		Debug|x86 = Debug|x86
		Release|x64 = Release|x64
		Release|x86 = Release|x86
	EndGlobalSection
	GlobalSection(ProjectConfigurationPlatforms) = postSolution
		{0DEA65A9-58EB-43F7-BF01-EE720305AFE8}.Debug|x64.ActiveCfg = Debug|x64
		{0DEA65A9-58EB-43F7-BF01-EE720305AFE8}.Debug|x64.Build.0 = Debug|x64
		{0DEA65A9-58EB-43F7-BF01-EE720305AFE8}.Debug|x86.ActiveCfg = Debug|Win32
		{0DEA65A9-58EB-43F7-BF01-EE720305AFE8}.Debug|x86.Build.0 = Debug|Win32
		{0DEA65A9-58EB-43F7-BF01-EE720305AFE8}.Release|x64.ActiveCfg = Release|x64
		{0DEA65A9-58EB-43F7-BF01-EE720305AFE8}.Release|x64.Build.0 = Release|x64
		{0DEA65A9-58EB-43F7-BF01-EE720305AFE8}.Release|x86.ActiveCfg = Release|Win32
		{0DEA65A9-58EB-43F7-BF01-EE720305AFE8}.Release|x86.Build.0 = Release|Win32
	EndGlobalSection
	GlobalSection(SolutionProperties) = preSolution
		HideSolutionNode = FALSE
	EndGlobalSection
	GlobalSection(ExtensibilityGlobals) = postSolution
		SolutionGuid = {F0674AF0-6E0D-483A-98D5-5334BD0ECE57}
	EndGlobalSection
EndGlobal
