
Microsoft Visual Studio Solution File, Format Version 12.00
# Visual Studio Version 16
VisualStudioVersion = 16.0.34407.143
MinimumVisualStudioVersion = 10.0.40219.1
Project("{8BC9CEB8-8B4A-11D0-8D11-00A0C91BC942}") = "chapter-37", "chapter-37\chapter-37.vcxproj", "{A3388457-39BB-41E5-B8C5-4717E0561523}"
EndProject
Global
	GlobalSection(SolutionConfigurationPlatforms) = preSolution
		Debug|x64 = Debug|x64
		Debug|x86 = Debug|x86
		Release|x64 = Release|x64
		Release|x86 = Release|x86
	EndGlobalSection
	GlobalSection(ProjectConfigurationPlatforms) = postSolution
		{A3388457-39BB-41E5-B8C5-4717E0561523}.Debug|x64.ActiveCfg = Debug|x64
		{A3388457-39BB-41E5-B8C5-4717E0561523}.Debug|x64.Build.0 = Debug|x64
		{A3388457-39BB-41E5-B8C5-4717E0561523}.Debug|x86.ActiveCfg = Debug|Win32
		{A3388457-39BB-41E5-B8C5-4717E0561523}.Debug|x86.Build.0 = Debug|Win32
		{A3388457-39BB-41E5-B8C5-4717E0561523}.Release|x64.ActiveCfg = Release|x64
		{A3388457-39BB-41E5-B8C5-4717E0561523}.Release|x64.Build.0 = Release|x64
		{A3388457-39BB-41E5-B8C5-4717E0561523}.Release|x86.ActiveCfg = Release|Win32
		{A3388457-39BB-41E5-B8C5-4717E0561523}.Release|x86.Build.0 = Release|Win32
	EndGlobalSection
	GlobalSection(SolutionProperties) = preSolution
		HideSolutionNode = FALSE
	EndGlobalSection
	GlobalSection(ExtensibilityGlobals) = postSolution
		SolutionGuid = {D48CAEBB-F48E-476A-95A7-1F2D30C971D9}
	EndGlobalSection
EndGlobal
