
Microsoft Visual Studio Solution File, Format Version 12.00
# Visual Studio Version 16
VisualStudioVersion = 16.0.34407.143
MinimumVisualStudioVersion = 10.0.40219.1
Project("{8BC9CEB8-8B4A-11D0-8D11-00A0C91BC942}") = "chapter-27", "chapter-27\chapter-27.vcxproj", "{5DA7F4BF-951C-4419-88F9-913FE1D7C87A}"
EndProject
Global
	GlobalSection(SolutionConfigurationPlatforms) = preSolution
		Debug|x64 = Debug|x64
		Debug|x86 = Debug|x86
		Release|x64 = Release|x64
		Release|x86 = Release|x86
	EndGlobalSection
	GlobalSection(ProjectConfigurationPlatforms) = postSolution
		{5DA7F4BF-951C-4419-88F9-913FE1D7C87A}.Debug|x64.ActiveCfg = Debug|x64
		{5DA7F4BF-951C-4419-88F9-913FE1D7C87A}.Debug|x64.Build.0 = Debug|x64
		{5DA7F4BF-951C-4419-88F9-913FE1D7C87A}.Debug|x86.ActiveCfg = Debug|Win32
		{5DA7F4BF-951C-4419-88F9-913FE1D7C87A}.Debug|x86.Build.0 = Debug|Win32
		{5DA7F4BF-951C-4419-88F9-913FE1D7C87A}.Release|x64.ActiveCfg = Release|x64
		{5DA7F4BF-951C-4419-88F9-913FE1D7C87A}.Release|x64.Build.0 = Release|x64
		{5DA7F4BF-951C-4419-88F9-913FE1D7C87A}.Release|x86.ActiveCfg = Release|Win32
		{5DA7F4BF-951C-4419-88F9-913FE1D7C87A}.Release|x86.Build.0 = Release|Win32
	EndGlobalSection
	GlobalSection(SolutionProperties) = preSolution
		HideSolutionNode = FALSE
	EndGlobalSection
	GlobalSection(ExtensibilityGlobals) = postSolution
		SolutionGuid = {A4230C9B-BFD0-4E28-8473-40A4770B1601}
	EndGlobalSection
EndGlobal
