
Microsoft Visual Studio Solution File, Format Version 12.00
# Visual Studio Version 16
VisualStudioVersion = 16.0.34407.143
MinimumVisualStudioVersion = 10.0.40219.1
Project("{8BC9CEB8-8B4A-11D0-8D11-00A0C91BC942}") = "chapter-35", "chapter-35\chapter-35.vcxproj", "{28507178-85D7-4E95-9A84-E9DED1BA654C}"
EndProject
Global
	GlobalSection(SolutionConfigurationPlatforms) = preSolution
		Debug|x64 = Debug|x64
		Debug|x86 = Debug|x86
		Release|x64 = Release|x64
		Release|x86 = Release|x86
	EndGlobalSection
	GlobalSection(ProjectConfigurationPlatforms) = postSolution
		{28507178-85D7-4E95-9A84-E9DED1BA654C}.Debug|x64.ActiveCfg = Debug|x64
		{28507178-85D7-4E95-9A84-E9DED1BA654C}.Debug|x64.Build.0 = Debug|x64
		{28507178-85D7-4E95-9A84-E9DED1BA654C}.Debug|x86.ActiveCfg = Debug|Win32
		{28507178-85D7-4E95-9A84-E9DED1BA654C}.Debug|x86.Build.0 = Debug|Win32
		{28507178-85D7-4E95-9A84-E9DED1BA654C}.Release|x64.ActiveCfg = Release|x64
		{28507178-85D7-4E95-9A84-E9DED1BA654C}.Release|x64.Build.0 = Release|x64
		{28507178-85D7-4E95-9A84-E9DED1BA654C}.Release|x86.ActiveCfg = Release|Win32
		{28507178-85D7-4E95-9A84-E9DED1BA654C}.Release|x86.Build.0 = Release|Win32
	EndGlobalSection
	GlobalSection(SolutionProperties) = preSolution
		HideSolutionNode = FALSE
	EndGlobalSection
	GlobalSection(ExtensibilityGlobals) = postSolution
		SolutionGuid = {7D881FE2-0576-4BFC-9186-2A37D1FEF244}
	EndGlobalSection
EndGlobal
